// !$*UTF8*$!
{
	archiveVersion = 1;
	classes = {
	};
	objectVersion = 55;
	objects = {

/* Begin PBXBuildFile section */
		1EA698552D09962F001DA99A /* BYPHCardScanQrHandler.swift in Sources */ = {isa = PBXBuildFile; fileRef = 1EA6984E2D09962E001DA99A /* BYPHCardScanQrHandler.swift */; };
		1EA698562D09962F001DA99A /* BYPHCardScanQrHandler.swift in Sources */ = {isa = PBXBuildFile; fileRef = 1EA6984E2D09962E001DA99A /* BYPHCardScanQrHandler.swift */; };
		1EA698572D09962F001DA99A /* BYPHCardScanQrHandler.swift in Sources */ = {isa = PBXBuildFile; fileRef = 1EA6984E2D09962E001DA99A /* BYPHCardScanQrHandler.swift */; };
		1EA698582D09962F001DA99A /* BYScanQrCoverViewProtocol.swift in Sources */ = {isa = PBXBuildFile; fileRef = 1EA6984F2D09962F001DA99A /* BYScanQrCoverViewProtocol.swift */; };
		1EA698592D09962F001DA99A /* BYScanQrCoverViewProtocol.swift in Sources */ = {isa = PBXBuildFile; fileRef = 1EA6984F2D09962F001DA99A /* BYScanQrCoverViewProtocol.swift */; };
		1EA6985A2D09962F001DA99A /* BYScanQrCoverViewProtocol.swift in Sources */ = {isa = PBXBuildFile; fileRef = 1EA6984F2D09962F001DA99A /* BYScanQrCoverViewProtocol.swift */; };
		1EA6985B2D09962F001DA99A /* BYScanQrViewController.swift in Sources */ = {isa = PBXBuildFile; fileRef = 1EA698502D09962F001DA99A /* BYScanQrViewController.swift */; };
		1EA6985C2D09962F001DA99A /* BYScanQrViewController.swift in Sources */ = {isa = PBXBuildFile; fileRef = 1EA698502D09962F001DA99A /* BYScanQrViewController.swift */; };
		1EA6985D2D09962F001DA99A /* BYScanQrViewController.swift in Sources */ = {isa = PBXBuildFile; fileRef = 1EA698502D09962F001DA99A /* BYScanQrViewController.swift */; };
		1EA6985E2D09962F001DA99A /* BYScanQrService.swift in Sources */ = {isa = PBXBuildFile; fileRef = 1EA698512D09962F001DA99A /* BYScanQrService.swift */; };
		1EA6985F2D09962F001DA99A /* BYScanQrService.swift in Sources */ = {isa = PBXBuildFile; fileRef = 1EA698512D09962F001DA99A /* BYScanQrService.swift */; };
		1EA698602D09962F001DA99A /* BYScanQrService.swift in Sources */ = {isa = PBXBuildFile; fileRef = 1EA698512D09962F001DA99A /* BYScanQrService.swift */; };
		1EA698612D09962F001DA99A /* BYScanQrHandlerProtocol.swift in Sources */ = {isa = PBXBuildFile; fileRef = 1EA698522D09962F001DA99A /* BYScanQrHandlerProtocol.swift */; };
		1EA698622D09962F001DA99A /* BYScanQrHandlerProtocol.swift in Sources */ = {isa = PBXBuildFile; fileRef = 1EA698522D09962F001DA99A /* BYScanQrHandlerProtocol.swift */; };
		1EA698632D09962F001DA99A /* BYScanQrHandlerProtocol.swift in Sources */ = {isa = PBXBuildFile; fileRef = 1EA698522D09962F001DA99A /* BYScanQrHandlerProtocol.swift */; };
		1EA698642D09962F001DA99A /* BYPHCardScanQrCoverView.swift in Sources */ = {isa = PBXBuildFile; fileRef = 1EA698532D09962F001DA99A /* BYPHCardScanQrCoverView.swift */; };
		1EA698652D09962F001DA99A /* BYPHCardScanQrCoverView.swift in Sources */ = {isa = PBXBuildFile; fileRef = 1EA698532D09962F001DA99A /* BYPHCardScanQrCoverView.swift */; };
		1EA698662D09962F001DA99A /* BYPHCardScanQrCoverView.swift in Sources */ = {isa = PBXBuildFile; fileRef = 1EA698532D09962F001DA99A /* BYPHCardScanQrCoverView.swift */; };
		1EA698672D09962F001DA99A /* BYScanQrUtils.swift in Sources */ = {isa = PBXBuildFile; fileRef = 1EA698542D09962F001DA99A /* BYScanQrUtils.swift */; };
		1EA698682D09962F001DA99A /* BYScanQrUtils.swift in Sources */ = {isa = PBXBuildFile; fileRef = 1EA698542D09962F001DA99A /* BYScanQrUtils.swift */; };
		1EA698692D09962F001DA99A /* BYScanQrUtils.swift in Sources */ = {isa = PBXBuildFile; fileRef = 1EA698542D09962F001DA99A /* BYScanQrUtils.swift */; };
		A226347D27632B1A00DF44A4 /* DemosTableViewCell.swift in Sources */ = {isa = PBXBuildFile; fileRef = A226347C27632B1A00DF44A4 /* DemosTableViewCell.swift */; };
		A226347F2763308400DF44A4 /* Snapkit+Public.swift in Sources */ = {isa = PBXBuildFile; fileRef = A226347E2763308400DF44A4 /* Snapkit+Public.swift */; };
		A22634812763393E00DF44A4 /* DemoItem.swift in Sources */ = {isa = PBXBuildFile; fileRef = A22634802763393E00DF44A4 /* DemoItem.swift */; };
		A22634832767224800DF44A4 /* DemosViewController+Handler.swift in Sources */ = {isa = PBXBuildFile; fileRef = A22634822767224800DF44A4 /* DemosViewController+Handler.swift */; };
		A22634862767231E00DF44A4 /* OffScreenRenderingViewController.swift in Sources */ = {isa = PBXBuildFile; fileRef = A22634852767231E00DF44A4 /* OffScreenRenderingViewController.swift */; };
		A2359A36275F0C2400F77A26 /* AppDelegate.swift in Sources */ = {isa = PBXBuildFile; fileRef = A2359A35275F0C2400F77A26 /* AppDelegate.swift */; };
		A2359A38275F0C2400F77A26 /* SceneDelegate.swift in Sources */ = {isa = PBXBuildFile; fileRef = A2359A37275F0C2400F77A26 /* SceneDelegate.swift */; };
		A2359A3D275F0C2400F77A26 /* Main.storyboard in Resources */ = {isa = PBXBuildFile; fileRef = A2359A3B275F0C2400F77A26 /* Main.storyboard */; };
		A2359A40275F0C2400F77A26 /* BYGeneralSwift.xcdatamodeld in Sources */ = {isa = PBXBuildFile; fileRef = A2359A3E275F0C2400F77A26 /* BYGeneralSwift.xcdatamodeld */; };
		A2359A42275F0C2600F77A26 /* Assets.xcassets in Resources */ = {isa = PBXBuildFile; fileRef = A2359A41275F0C2600F77A26 /* Assets.xcassets */; };
		A2359A45275F0C2600F77A26 /* LaunchScreen.storyboard in Resources */ = {isa = PBXBuildFile; fileRef = A2359A43275F0C2600F77A26 /* LaunchScreen.storyboard */; };
		A2359A50275F0C2600F77A26 /* BYGeneralSwiftTests.swift in Sources */ = {isa = PBXBuildFile; fileRef = A2359A4F275F0C2600F77A26 /* BYGeneralSwiftTests.swift */; };
		A2359A5A275F0C2600F77A26 /* BYGeneralSwiftUITests.swift in Sources */ = {isa = PBXBuildFile; fileRef = A2359A59275F0C2600F77A26 /* BYGeneralSwiftUITests.swift */; };
		A2359A5C275F0C2600F77A26 /* BYGeneralSwiftUITestsLaunchTests.swift in Sources */ = {isa = PBXBuildFile; fileRef = A2359A5B275F0C2600F77A26 /* BYGeneralSwiftUITestsLaunchTests.swift */; };
		A273D2392852F4B4002BF683 /* SwiftListNodeViewController.swift in Sources */ = {isa = PBXBuildFile; fileRef = A273D2382852F4B4002BF683 /* SwiftListNodeViewController.swift */; };
		A273D23C2852F5D6002BF683 /* SwiftSinglyLinkedList.swift in Sources */ = {isa = PBXBuildFile; fileRef = A273D23B2852F5D6002BF683 /* SwiftSinglyLinkedList.swift */; };
		A273D23E2852F5F8002BF683 /* SwiftDoublyLinkedList.swift in Sources */ = {isa = PBXBuildFile; fileRef = A273D23D2852F5F8002BF683 /* SwiftDoublyLinkedList.swift */; };
		A273D2402852F61D002BF683 /* SwiftCircularLinkedList.swift in Sources */ = {isa = PBXBuildFile; fileRef = A273D23F2852F61D002BF683 /* SwiftCircularLinkedList.swift */; };
		A273D2422852F77A002BF683 /* SwfitLinkedListProtocol.swift in Sources */ = {isa = PBXBuildFile; fileRef = A273D2412852F77A002BF683 /* SwfitLinkedListProtocol.swift */; };
		A273D2442852F818002BF683 /* SwiftLinkedListUtils.swift in Sources */ = {isa = PBXBuildFile; fileRef = A273D2432852F818002BF683 /* SwiftLinkedListUtils.swift */; };
		A28A76D32880037E0036101D /* PromiseKitViewController.swift in Sources */ = {isa = PBXBuildFile; fileRef = A28A76D22880037E0036101D /* PromiseKitViewController.swift */; };
		A2960A6327B0C70800EEC629 /* NetworkExtension.framework in Frameworks */ = {isa = PBXBuildFile; fileRef = A2960A6227B0C70800EEC629 /* NetworkExtension.framework */; };
		A2960A6927B0C98F00EEC629 /* KTM1290_1920x1080.jpeg in Resources */ = {isa = PBXBuildFile; fileRef = A2960A6627B0C98E00EEC629 /* KTM1290_1920x1080.jpeg */; };
		A2960A6A27B0C98F00EEC629 /* image_1920x1200.jpeg in Resources */ = {isa = PBXBuildFile; fileRef = A2960A6727B0C98E00EEC629 /* image_1920x1200.jpeg */; };
		A2960A6B27B0C98F00EEC629 /* ktm-1290-super-duke_921x518.jpeg in Resources */ = {isa = PBXBuildFile; fileRef = A2960A6827B0C98E00EEC629 /* ktm-1290-super-duke_921x518.jpeg */; };
		A2960A6D27B0CFAB00EEC629 /* OffScreenRenderingCollectionCell.swift in Sources */ = {isa = PBXBuildFile; fileRef = A2960A6C27B0CFAB00EEC629 /* OffScreenRenderingCollectionCell.swift */; };
		A2C291A8275F646D00A0B5DB /* TimerHolder.swift in Sources */ = {isa = PBXBuildFile; fileRef = A2C291A4275F646D00A0B5DB /* TimerHolder.swift */; };
		A2C291A9275F646D00A0B5DB /* NavigationHandler.swift in Sources */ = {isa = PBXBuildFile; fileRef = A2C291A5275F646D00A0B5DB /* NavigationHandler.swift */; };
		A2C291AA275F646D00A0B5DB /* Tools.swift in Sources */ = {isa = PBXBuildFile; fileRef = A2C291A6275F646D00A0B5DB /* Tools.swift */; };
		A2C291AB275F646D00A0B5DB /* NavigationAnimator.swift in Sources */ = {isa = PBXBuildFile; fileRef = A2C291A7275F646D00A0B5DB /* NavigationAnimator.swift */; };
		A2C291AF275F649A00A0B5DB /* KeyboardEventObserverProtocol.swift in Sources */ = {isa = PBXBuildFile; fileRef = A2C291AD275F649A00A0B5DB /* KeyboardEventObserverProtocol.swift */; };
		A2C291B0275F649A00A0B5DB /* ApplicationEventSubscriberProtocol.swift in Sources */ = {isa = PBXBuildFile; fileRef = A2C291AE275F649A00A0B5DB /* ApplicationEventSubscriberProtocol.swift */; };
		A2C291B4275F64C600A0B5DB /* BaseService.swift in Sources */ = {isa = PBXBuildFile; fileRef = A2C291B3275F64C600A0B5DB /* BaseService.swift */; };
		A2C291B8275F6ECF00A0B5DB /* launchImage.jpg in Resources */ = {isa = PBXBuildFile; fileRef = A2C291B7275F6ECF00A0B5DB /* launchImage.jpg */; };
		A2C291BC2760A38900A0B5DB /* RootViewController.swift in Sources */ = {isa = PBXBuildFile; fileRef = A2C291BB2760A38900A0B5DB /* RootViewController.swift */; };
		A2C291C02760A57800A0B5DB /* DemosViewController.swift in Sources */ = {isa = PBXBuildFile; fileRef = A2C291BF2760A57800A0B5DB /* DemosViewController.swift */; };
		A2C291C22760A59A00A0B5DB /* HomeViewController.swift in Sources */ = {isa = PBXBuildFile; fileRef = A2C291C12760A59A00A0B5DB /* HomeViewController.swift */; };
		A2C5149C289A772E008CB38C /* FormatIndexViewController.swift in Sources */ = {isa = PBXBuildFile; fileRef = A2C5149B289A772E008CB38C /* FormatIndexViewController.swift */; };
		A2C5149E289A8147008CB38C /* DateFormatViewController.swift in Sources */ = {isa = PBXBuildFile; fileRef = A2C5149D289A8147008CB38C /* DateFormatViewController.swift */; };
		A2C514A0289A8158008CB38C /* NumberFormatViewController.swift in Sources */ = {isa = PBXBuildFile; fileRef = A2C5149F289A8158008CB38C /* NumberFormatViewController.swift */; };
		A2C514A2289A8164008CB38C /* CurrencyFormatViewController.swift in Sources */ = {isa = PBXBuildFile; fileRef = A2C514A1289A8164008CB38C /* CurrencyFormatViewController.swift */; };
		A2C514A7289CC307008CB38C /* .swiftlint.yml in Resources */ = {isa = PBXBuildFile; fileRef = A2C514A6289CC307008CB38C /* .swiftlint.yml */; };
		A2C77287276C7EDE003855A3 /* VPNViewController.swift in Sources */ = {isa = PBXBuildFile; fileRef = A2C77286276C7EDE003855A3 /* VPNViewController.swift */; };
		BE5022C06BA3FEC3CDEC51E1 /* Pods_BYGeneralSwift.framework in Frameworks */ = {isa = PBXBuildFile; fileRef = 44793906F9573C957D5D16D3 /* Pods_BYGeneralSwift.framework */; };
/* End PBXBuildFile section */

/* Begin PBXContainerItemProxy section */
		A2359A4C275F0C2600F77A26 /* PBXContainerItemProxy */ = {
			isa = PBXContainerItemProxy;
			containerPortal = A2359A2A275F0C2300F77A26 /* Project object */;
			proxyType = 1;
			remoteGlobalIDString = A2359A31275F0C2400F77A26;
			remoteInfo = BYGeneralSwift;
		};
		A2359A56275F0C2600F77A26 /* PBXContainerItemProxy */ = {
			isa = PBXContainerItemProxy;
			containerPortal = A2359A2A275F0C2300F77A26 /* Project object */;
			proxyType = 1;
			remoteGlobalIDString = A2359A31275F0C2400F77A26;
			remoteInfo = BYGeneralSwift;
		};
/* End PBXContainerItemProxy section */

/* Begin PBXFileReference section */
		15FB3D57A9C610BCEEE7BDE7 /* Pods-BYGeneralSwift.release.xcconfig */ = {isa = PBXFileReference; includeInIndex = 1; lastKnownFileType = text.xcconfig; name = "Pods-BYGeneralSwift.release.xcconfig"; path = "Target Support Files/Pods-BYGeneralSwift/Pods-BYGeneralSwift.release.xcconfig"; sourceTree = "<group>"; };
		1EA6984E2D09962E001DA99A /* BYPHCardScanQrHandler.swift */ = {isa = PBXFileReference; fileEncoding = 4; lastKnownFileType = sourcecode.swift; path = BYPHCardScanQrHandler.swift; sourceTree = "<group>"; };
		1EA6984F2D09962F001DA99A /* BYScanQrCoverViewProtocol.swift */ = {isa = PBXFileReference; fileEncoding = 4; lastKnownFileType = sourcecode.swift; path = BYScanQrCoverViewProtocol.swift; sourceTree = "<group>"; };
		1EA698502D09962F001DA99A /* BYScanQrViewController.swift */ = {isa = PBXFileReference; fileEncoding = 4; lastKnownFileType = sourcecode.swift; path = BYScanQrViewController.swift; sourceTree = "<group>"; };
		1EA698512D09962F001DA99A /* BYScanQrService.swift */ = {isa = PBXFileReference; fileEncoding = 4; lastKnownFileType = sourcecode.swift; path = BYScanQrService.swift; sourceTree = "<group>"; };
		1EA698522D09962F001DA99A /* BYScanQrHandlerProtocol.swift */ = {isa = PBXFileReference; fileEncoding = 4; lastKnownFileType = sourcecode.swift; path = BYScanQrHandlerProtocol.swift; sourceTree = "<group>"; };
		1EA698532D09962F001DA99A /* BYPHCardScanQrCoverView.swift */ = {isa = PBXFileReference; fileEncoding = 4; lastKnownFileType = sourcecode.swift; path = BYPHCardScanQrCoverView.swift; sourceTree = "<group>"; };
		1EA698542D09962F001DA99A /* BYScanQrUtils.swift */ = {isa = PBXFileReference; fileEncoding = 4; lastKnownFileType = sourcecode.swift; path = BYScanQrUtils.swift; sourceTree = "<group>"; };
		44793906F9573C957D5D16D3 /* Pods_BYGeneralSwift.framework */ = {isa = PBXFileReference; explicitFileType = wrapper.framework; includeInIndex = 0; path = Pods_BYGeneralSwift.framework; sourceTree = BUILT_PRODUCTS_DIR; };
		A226347C27632B1A00DF44A4 /* DemosTableViewCell.swift */ = {isa = PBXFileReference; lastKnownFileType = sourcecode.swift; path = DemosTableViewCell.swift; sourceTree = "<group>"; };
		A226347E2763308400DF44A4 /* Snapkit+Public.swift */ = {isa = PBXFileReference; lastKnownFileType = sourcecode.swift; path = "Snapkit+Public.swift"; sourceTree = "<group>"; };
		A22634802763393E00DF44A4 /* DemoItem.swift */ = {isa = PBXFileReference; lastKnownFileType = sourcecode.swift; path = DemoItem.swift; sourceTree = "<group>"; };
		A22634822767224800DF44A4 /* DemosViewController+Handler.swift */ = {isa = PBXFileReference; lastKnownFileType = sourcecode.swift; path = "DemosViewController+Handler.swift"; sourceTree = "<group>"; };
		A22634852767231E00DF44A4 /* OffScreenRenderingViewController.swift */ = {isa = PBXFileReference; lastKnownFileType = sourcecode.swift; path = OffScreenRenderingViewController.swift; sourceTree = "<group>"; };
		A2359A32275F0C2400F77A26 /* BYGeneralSwift.app */ = {isa = PBXFileReference; explicitFileType = wrapper.application; includeInIndex = 0; path = BYGeneralSwift.app; sourceTree = BUILT_PRODUCTS_DIR; };
		A2359A35275F0C2400F77A26 /* AppDelegate.swift */ = {isa = PBXFileReference; lastKnownFileType = sourcecode.swift; path = AppDelegate.swift; sourceTree = "<group>"; };
		A2359A37275F0C2400F77A26 /* SceneDelegate.swift */ = {isa = PBXFileReference; lastKnownFileType = sourcecode.swift; path = SceneDelegate.swift; sourceTree = "<group>"; };
		A2359A3C275F0C2400F77A26 /* Base */ = {isa = PBXFileReference; lastKnownFileType = file.storyboard; name = Base; path = Base.lproj/Main.storyboard; sourceTree = "<group>"; };
		A2359A3F275F0C2400F77A26 /* BYGeneralSwift.xcdatamodel */ = {isa = PBXFileReference; lastKnownFileType = wrapper.xcdatamodel; path = BYGeneralSwift.xcdatamodel; sourceTree = "<group>"; };
		A2359A41275F0C2600F77A26 /* Assets.xcassets */ = {isa = PBXFileReference; lastKnownFileType = folder.assetcatalog; path = Assets.xcassets; sourceTree = "<group>"; };
		A2359A44275F0C2600F77A26 /* Base */ = {isa = PBXFileReference; lastKnownFileType = file.storyboard; name = Base; path = Base.lproj/LaunchScreen.storyboard; sourceTree = "<group>"; };
		A2359A46275F0C2600F77A26 /* Info.plist */ = {isa = PBXFileReference; lastKnownFileType = text.plist.xml; path = Info.plist; sourceTree = "<group>"; };
		A2359A4B275F0C2600F77A26 /* BYGeneralSwiftTests.xctest */ = {isa = PBXFileReference; explicitFileType = wrapper.cfbundle; includeInIndex = 0; path = BYGeneralSwiftTests.xctest; sourceTree = BUILT_PRODUCTS_DIR; };
		A2359A4F275F0C2600F77A26 /* BYGeneralSwiftTests.swift */ = {isa = PBXFileReference; lastKnownFileType = sourcecode.swift; path = BYGeneralSwiftTests.swift; sourceTree = "<group>"; };
		A2359A55275F0C2600F77A26 /* BYGeneralSwiftUITests.xctest */ = {isa = PBXFileReference; explicitFileType = wrapper.cfbundle; includeInIndex = 0; path = BYGeneralSwiftUITests.xctest; sourceTree = BUILT_PRODUCTS_DIR; };
		A2359A59275F0C2600F77A26 /* BYGeneralSwiftUITests.swift */ = {isa = PBXFileReference; lastKnownFileType = sourcecode.swift; path = BYGeneralSwiftUITests.swift; sourceTree = "<group>"; };
		A2359A5B275F0C2600F77A26 /* BYGeneralSwiftUITestsLaunchTests.swift */ = {isa = PBXFileReference; lastKnownFileType = sourcecode.swift; path = BYGeneralSwiftUITestsLaunchTests.swift; sourceTree = "<group>"; };
		A273D2382852F4B4002BF683 /* SwiftListNodeViewController.swift */ = {isa = PBXFileReference; lastKnownFileType = sourcecode.swift; path = SwiftListNodeViewController.swift; sourceTree = "<group>"; };
		A273D23B2852F5D6002BF683 /* SwiftSinglyLinkedList.swift */ = {isa = PBXFileReference; lastKnownFileType = sourcecode.swift; path = SwiftSinglyLinkedList.swift; sourceTree = "<group>"; };
		A273D23D2852F5F8002BF683 /* SwiftDoublyLinkedList.swift */ = {isa = PBXFileReference; lastKnownFileType = sourcecode.swift; path = SwiftDoublyLinkedList.swift; sourceTree = "<group>"; };
		A273D23F2852F61D002BF683 /* SwiftCircularLinkedList.swift */ = {isa = PBXFileReference; lastKnownFileType = sourcecode.swift; path = SwiftCircularLinkedList.swift; sourceTree = "<group>"; };
		A273D2412852F77A002BF683 /* SwfitLinkedListProtocol.swift */ = {isa = PBXFileReference; lastKnownFileType = sourcecode.swift; path = SwfitLinkedListProtocol.swift; sourceTree = "<group>"; };
		A273D2432852F818002BF683 /* SwiftLinkedListUtils.swift */ = {isa = PBXFileReference; lastKnownFileType = sourcecode.swift; path = SwiftLinkedListUtils.swift; sourceTree = "<group>"; };
		A28A76D22880037E0036101D /* PromiseKitViewController.swift */ = {isa = PBXFileReference; lastKnownFileType = sourcecode.swift; path = PromiseKitViewController.swift; sourceTree = "<group>"; };
		A2960A6127B0C70800EEC629 /* BYGeneralSwift.entitlements */ = {isa = PBXFileReference; lastKnownFileType = text.plist.entitlements; path = BYGeneralSwift.entitlements; sourceTree = "<group>"; };
		A2960A6227B0C70800EEC629 /* NetworkExtension.framework */ = {isa = PBXFileReference; lastKnownFileType = wrapper.framework; name = NetworkExtension.framework; path = System/Library/Frameworks/NetworkExtension.framework; sourceTree = SDKROOT; };
		A2960A6627B0C98E00EEC629 /* KTM1290_1920x1080.jpeg */ = {isa = PBXFileReference; lastKnownFileType = image.jpeg; path = KTM1290_1920x1080.jpeg; sourceTree = "<group>"; };
		A2960A6727B0C98E00EEC629 /* image_1920x1200.jpeg */ = {isa = PBXFileReference; lastKnownFileType = image.jpeg; path = image_1920x1200.jpeg; sourceTree = "<group>"; };
		A2960A6827B0C98E00EEC629 /* ktm-1290-super-duke_921x518.jpeg */ = {isa = PBXFileReference; lastKnownFileType = image.jpeg; path = "ktm-1290-super-duke_921x518.jpeg"; sourceTree = "<group>"; };
		A2960A6C27B0CFAB00EEC629 /* OffScreenRenderingCollectionCell.swift */ = {isa = PBXFileReference; lastKnownFileType = sourcecode.swift; path = OffScreenRenderingCollectionCell.swift; sourceTree = "<group>"; };
		A2C291A4275F646D00A0B5DB /* TimerHolder.swift */ = {isa = PBXFileReference; fileEncoding = 4; lastKnownFileType = sourcecode.swift; path = TimerHolder.swift; sourceTree = "<group>"; };
		A2C291A5275F646D00A0B5DB /* NavigationHandler.swift */ = {isa = PBXFileReference; fileEncoding = 4; lastKnownFileType = sourcecode.swift; path = NavigationHandler.swift; sourceTree = "<group>"; };
		A2C291A6275F646D00A0B5DB /* Tools.swift */ = {isa = PBXFileReference; fileEncoding = 4; lastKnownFileType = sourcecode.swift; path = Tools.swift; sourceTree = "<group>"; };
		A2C291A7275F646D00A0B5DB /* NavigationAnimator.swift */ = {isa = PBXFileReference; fileEncoding = 4; lastKnownFileType = sourcecode.swift; path = NavigationAnimator.swift; sourceTree = "<group>"; };
		A2C291AD275F649A00A0B5DB /* KeyboardEventObserverProtocol.swift */ = {isa = PBXFileReference; fileEncoding = 4; lastKnownFileType = sourcecode.swift; path = KeyboardEventObserverProtocol.swift; sourceTree = "<group>"; };
		A2C291AE275F649A00A0B5DB /* ApplicationEventSubscriberProtocol.swift */ = {isa = PBXFileReference; fileEncoding = 4; lastKnownFileType = sourcecode.swift; path = ApplicationEventSubscriberProtocol.swift; sourceTree = "<group>"; };
		A2C291B3275F64C600A0B5DB /* BaseService.swift */ = {isa = PBXFileReference; fileEncoding = 4; lastKnownFileType = sourcecode.swift; path = BaseService.swift; sourceTree = "<group>"; };
		A2C291B7275F6ECF00A0B5DB /* launchImage.jpg */ = {isa = PBXFileReference; lastKnownFileType = image.jpeg; path = launchImage.jpg; sourceTree = "<group>"; };
		A2C291BB2760A38900A0B5DB /* RootViewController.swift */ = {isa = PBXFileReference; lastKnownFileType = sourcecode.swift; path = RootViewController.swift; sourceTree = "<group>"; };
		A2C291BF2760A57800A0B5DB /* DemosViewController.swift */ = {isa = PBXFileReference; lastKnownFileType = sourcecode.swift; path = DemosViewController.swift; sourceTree = "<group>"; };
		A2C291C12760A59A00A0B5DB /* HomeViewController.swift */ = {isa = PBXFileReference; lastKnownFileType = sourcecode.swift; path = HomeViewController.swift; sourceTree = "<group>"; };
		A2C5149B289A772E008CB38C /* FormatIndexViewController.swift */ = {isa = PBXFileReference; lastKnownFileType = sourcecode.swift; path = FormatIndexViewController.swift; sourceTree = "<group>"; };
		A2C5149D289A8147008CB38C /* DateFormatViewController.swift */ = {isa = PBXFileReference; lastKnownFileType = sourcecode.swift; path = DateFormatViewController.swift; sourceTree = "<group>"; };
		A2C5149F289A8158008CB38C /* NumberFormatViewController.swift */ = {isa = PBXFileReference; lastKnownFileType = sourcecode.swift; path = NumberFormatViewController.swift; sourceTree = "<group>"; };
		A2C514A1289A8164008CB38C /* CurrencyFormatViewController.swift */ = {isa = PBXFileReference; lastKnownFileType = sourcecode.swift; path = CurrencyFormatViewController.swift; sourceTree = "<group>"; };
		A2C514A6289CC307008CB38C /* .swiftlint.yml */ = {isa = PBXFileReference; fileEncoding = 4; lastKnownFileType = text.yaml; path = .swiftlint.yml; sourceTree = "<group>"; };
		A2C77286276C7EDE003855A3 /* VPNViewController.swift */ = {isa = PBXFileReference; lastKnownFileType = sourcecode.swift; path = VPNViewController.swift; sourceTree = "<group>"; };
		B59E0C565FF9452B81DA052B /* Pods-BYGeneralSwift.debug.xcconfig */ = {isa = PBXFileReference; includeInIndex = 1; lastKnownFileType = text.xcconfig; name = "Pods-BYGeneralSwift.debug.xcconfig"; path = "Target Support Files/Pods-BYGeneralSwift/Pods-BYGeneralSwift.debug.xcconfig"; sourceTree = "<group>"; };
/* End PBXFileReference section */

/* Begin PBXFrameworksBuildPhase section */
		A2359A2F275F0C2400F77A26 /* Frameworks */ = {
			isa = PBXFrameworksBuildPhase;
			buildActionMask = 2147483647;
			files = (
				BE5022C06BA3FEC3CDEC51E1 /* Pods_BYGeneralSwift.framework in Frameworks */,
				A2960A6327B0C70800EEC629 /* NetworkExtension.framework in Frameworks */,
			);
			runOnlyForDeploymentPostprocessing = 0;
		};
		A2359A48275F0C2600F77A26 /* Frameworks */ = {
			isa = PBXFrameworksBuildPhase;
			buildActionMask = 2147483647;
			files = (
			);
			runOnlyForDeploymentPostprocessing = 0;
		};
		A2359A52275F0C2600F77A26 /* Frameworks */ = {
			isa = PBXFrameworksBuildPhase;
			buildActionMask = 2147483647;
			files = (
			);
			runOnlyForDeploymentPostprocessing = 0;
		};
/* End PBXFrameworksBuildPhase section */

/* Begin PBXGroup section */
		1E91725B2D098CDE001F1022 /* Scan */ = {
			isa = PBXGroup;
			children = (
				1EA698532D09962F001DA99A /* BYPHCardScanQrCoverView.swift */,
				1EA6984E2D09962E001DA99A /* BYPHCardScanQrHandler.swift */,
				1EA6984F2D09962F001DA99A /* BYScanQrCoverViewProtocol.swift */,
				1EA698522D09962F001DA99A /* BYScanQrHandlerProtocol.swift */,
				1EA698512D09962F001DA99A /* BYScanQrService.swift */,
				1EA698542D09962F001DA99A /* BYScanQrUtils.swift */,
				1EA698502D09962F001DA99A /* BYScanQrViewController.swift */,
			);
			path = Scan;
			sourceTree = "<group>";
		};
		491910BB8EECED5B01457E14 /* Frameworks */ = {
			isa = PBXGroup;
			children = (
				A2960A6227B0C70800EEC629 /* NetworkExtension.framework */,
				44793906F9573C957D5D16D3 /* Pods_BYGeneralSwift.framework */,
			);
			name = Frameworks;
			sourceTree = "<group>";
		};
		A2263484276722EB00DF44A4 /* OffScreenRendering */ = {
			isa = PBXGroup;
			children = (
				A22634852767231E00DF44A4 /* OffScreenRenderingViewController.swift */,
				A2960A6C27B0CFAB00EEC629 /* OffScreenRenderingCollectionCell.swift */,
			);
			path = OffScreenRendering;
			sourceTree = "<group>";
		};
		A2359A29275F0C2300F77A26 = {
			isa = PBXGroup;
			children = (
				A2C514A6289CC307008CB38C /* .swiftlint.yml */,
				A2359A34275F0C2400F77A26 /* BYGeneralSwift */,
				A2359A4E275F0C2600F77A26 /* BYGeneralSwiftTests */,
				A2359A58275F0C2600F77A26 /* BYGeneralSwiftUITests */,
				A2359A33275F0C2400F77A26 /* Products */,
				E8BBA444E0C9DAABA3998618 /* Pods */,
				491910BB8EECED5B01457E14 /* Frameworks */,
			);
			sourceTree = "<group>";
		};
		A2359A33275F0C2400F77A26 /* Products */ = {
			isa = PBXGroup;
			children = (
				A2359A32275F0C2400F77A26 /* BYGeneralSwift.app */,
				A2359A4B275F0C2600F77A26 /* BYGeneralSwiftTests.xctest */,
				A2359A55275F0C2600F77A26 /* BYGeneralSwiftUITests.xctest */,
			);
			name = Products;
			sourceTree = "<group>";
		};
		A2359A34275F0C2400F77A26 /* BYGeneralSwift */ = {
			isa = PBXGroup;
			children = (
				A2960A6127B0C70800EEC629 /* BYGeneralSwift.entitlements */,
				A2359A35275F0C2400F77A26 /* AppDelegate.swift */,
				A2359A37275F0C2400F77A26 /* SceneDelegate.swift */,
				A2C291B92760A2DF00A0B5DB /* Main */,
				A2C291B1275F64B000A0B5DB /* Base */,
				A2C291AC275F648C00A0B5DB /* EventSubscriber */,
				A2C291A3275F641000A0B5DB /* Tools */,
				A2359A3B275F0C2400F77A26 /* Main.storyboard */,
				A2359A41275F0C2600F77A26 /* Assets.xcassets */,
				A2359A43275F0C2600F77A26 /* LaunchScreen.storyboard */,
				A2C291B7275F6ECF00A0B5DB /* launchImage.jpg */,
				A2359A46275F0C2600F77A26 /* Info.plist */,
				A2960A6427B0C96200EEC629 /* Res */,
				A2359A3E275F0C2400F77A26 /* BYGeneralSwift.xcdatamodeld */,
			);
			path = BYGeneralSwift;
			sourceTree = "<group>";
		};
		A2359A4E275F0C2600F77A26 /* BYGeneralSwiftTests */ = {
			isa = PBXGroup;
			children = (
				A2359A4F275F0C2600F77A26 /* BYGeneralSwiftTests.swift */,
			);
			path = BYGeneralSwiftTests;
			sourceTree = "<group>";
		};
		A2359A58275F0C2600F77A26 /* BYGeneralSwiftUITests */ = {
			isa = PBXGroup;
			children = (
				A2359A59275F0C2600F77A26 /* BYGeneralSwiftUITests.swift */,
				A2359A5B275F0C2600F77A26 /* BYGeneralSwiftUITestsLaunchTests.swift */,
			);
			path = BYGeneralSwiftUITests;
			sourceTree = "<group>";
		};
		A273D2372852F45D002BF683 /* LinkedList */ = {
			isa = PBXGroup;
			children = (
				A273D23A2852F4BE002BF683 /* SwiftLinkedList */,
				A273D2382852F4B4002BF683 /* SwiftListNodeViewController.swift */,
			);
			path = LinkedList;
			sourceTree = "<group>";
		};
		A273D23A2852F4BE002BF683 /* SwiftLinkedList */ = {
			isa = PBXGroup;
			children = (
				A273D23B2852F5D6002BF683 /* SwiftSinglyLinkedList.swift */,
				A273D23D2852F5F8002BF683 /* SwiftDoublyLinkedList.swift */,
				A273D23F2852F61D002BF683 /* SwiftCircularLinkedList.swift */,
				A273D2412852F77A002BF683 /* SwfitLinkedListProtocol.swift */,
				A273D2432852F818002BF683 /* SwiftLinkedListUtils.swift */,
			);
			path = SwiftLinkedList;
			sourceTree = "<group>";
		};
		A28A76D1288003670036101D /* PromiseKit */ = {
			isa = PBXGroup;
			children = (
				A28A76D22880037E0036101D /* PromiseKitViewController.swift */,
			);
			path = PromiseKit;
			sourceTree = "<group>";
		};
		A2960A6427B0C96200EEC629 /* Res */ = {
			isa = PBXGroup;
			children = (
				A2960A6527B0C96F00EEC629 /* Images */,
			);
			path = Res;
			sourceTree = "<group>";
		};
		A2960A6527B0C96F00EEC629 /* Images */ = {
			isa = PBXGroup;
			children = (
				A2960A6727B0C98E00EEC629 /* image_1920x1200.jpeg */,
				A2960A6827B0C98E00EEC629 /* ktm-1290-super-duke_921x518.jpeg */,
				A2960A6627B0C98E00EEC629 /* KTM1290_1920x1080.jpeg */,
			);
			path = Images;
			sourceTree = "<group>";
		};
		A2C291A3275F641000A0B5DB /* Tools */ = {
			isa = PBXGroup;
			children = (
				A2C291A7275F646D00A0B5DB /* NavigationAnimator.swift */,
				A2C291A5275F646D00A0B5DB /* NavigationHandler.swift */,
				A2C291A4275F646D00A0B5DB /* TimerHolder.swift */,
				A2C291A6275F646D00A0B5DB /* Tools.swift */,
				A226347E2763308400DF44A4 /* Snapkit+Public.swift */,
			);
			path = Tools;
			sourceTree = "<group>";
		};
		A2C291AC275F648C00A0B5DB /* EventSubscriber */ = {
			isa = PBXGroup;
			children = (
				A2C291AE275F649A00A0B5DB /* ApplicationEventSubscriberProtocol.swift */,
				A2C291AD275F649A00A0B5DB /* KeyboardEventObserverProtocol.swift */,
			);
			path = EventSubscriber;
			sourceTree = "<group>";
		};
		A2C291B1275F64B000A0B5DB /* Base */ = {
			isa = PBXGroup;
			children = (
				A2C291B2275F64B900A0B5DB /* Service */,
			);
			path = Base;
			sourceTree = "<group>";
		};
		A2C291B2275F64B900A0B5DB /* Service */ = {
			isa = PBXGroup;
			children = (
				A2C291B3275F64C600A0B5DB /* BaseService.swift */,
			);
			path = Service;
			sourceTree = "<group>";
		};
		A2C291B92760A2DF00A0B5DB /* Main */ = {
			isa = PBXGroup;
			children = (
				A2C291BE2760A3F000A0B5DB /* Home */,
				A2C291BD2760A3E600A0B5DB /* Demos */,
				A2C291BA2760A2EB00A0B5DB /* Root */,
			);
			path = Main;
			sourceTree = "<group>";
		};
		A2C291BA2760A2EB00A0B5DB /* Root */ = {
			isa = PBXGroup;
			children = (
				A2C291BB2760A38900A0B5DB /* RootViewController.swift */,
			);
			path = Root;
			sourceTree = "<group>";
		};
		A2C291BD2760A3E600A0B5DB /* Demos */ = {
			isa = PBXGroup;
			children = (
				1E91725B2D098CDE001F1022 /* Scan */,
				A2C5149A289A7661008CB38C /* Formatters */,
				A28A76D1288003670036101D /* PromiseKit */,
				A273D2372852F45D002BF683 /* LinkedList */,
				A2C77285276C7ECE003855A3 /* VPN */,
				A2C291BF2760A57800A0B5DB /* DemosViewController.swift */,
				A22634822767224800DF44A4 /* DemosViewController+Handler.swift */,
				A226347C27632B1A00DF44A4 /* DemosTableViewCell.swift */,
				A22634802763393E00DF44A4 /* DemoItem.swift */,
				A2263484276722EB00DF44A4 /* OffScreenRendering */,
			);
			path = Demos;
			sourceTree = "<group>";
		};
		A2C291BE2760A3F000A0B5DB /* Home */ = {
			isa = PBXGroup;
			children = (
				A2C291C12760A59A00A0B5DB /* HomeViewController.swift */,
			);
			path = Home;
			sourceTree = "<group>";
		};
		A2C5149A289A7661008CB38C /* Formatters */ = {
			isa = PBXGroup;
			children = (
				A2C5149B289A772E008CB38C /* FormatIndexViewController.swift */,
				A2C5149D289A8147008CB38C /* DateFormatViewController.swift */,
				A2C5149F289A8158008CB38C /* NumberFormatViewController.swift */,
				A2C514A1289A8164008CB38C /* CurrencyFormatViewController.swift */,
			);
			path = Formatters;
			sourceTree = "<group>";
		};
		A2C77285276C7ECE003855A3 /* VPN */ = {
			isa = PBXGroup;
			children = (
				A2C77286276C7EDE003855A3 /* VPNViewController.swift */,
			);
			path = VPN;
			sourceTree = "<group>";
		};
		E8BBA444E0C9DAABA3998618 /* Pods */ = {
			isa = PBXGroup;
			children = (
				B59E0C565FF9452B81DA052B /* Pods-BYGeneralSwift.debug.xcconfig */,
				15FB3D57A9C610BCEEE7BDE7 /* Pods-BYGeneralSwift.release.xcconfig */,
			);
			path = Pods;
			sourceTree = "<group>";
		};
/* End PBXGroup section */

/* Begin PBXNativeTarget section */
		A2359A31275F0C2400F77A26 /* BYGeneralSwift */ = {
			isa = PBXNativeTarget;
			buildConfigurationList = A2359A5F275F0C2600F77A26 /* Build configuration list for PBXNativeTarget "BYGeneralSwift" */;
			buildPhases = (
				A60307C2FE7FB266BED4416E /* [CP] Check Pods Manifest.lock */,
				A2359A2E275F0C2400F77A26 /* Sources */,
				A2359A2F275F0C2400F77A26 /* Frameworks */,
				A2359A30275F0C2400F77A26 /* Resources */,
				F79465A9107D38E90225CC56 /* [CP] Embed Pods Frameworks */,
				D23F8AAC7FAEBD6F29A9E664 /* [CP] Copy Pods Resources */,
				A2C514A3289CC087008CB38C /* ShellScript */,
			);
			buildRules = (
			);
			dependencies = (
			);
			name = BYGeneralSwift;
			packageProductDependencies = (
			);
			productName = BYGeneralSwift;
			productReference = A2359A32275F0C2400F77A26 /* BYGeneralSwift.app */;
			productType = "com.apple.product-type.application";
		};
		A2359A4A275F0C2600F77A26 /* BYGeneralSwiftTests */ = {
			isa = PBXNativeTarget;
			buildConfigurationList = A2359A62275F0C2600F77A26 /* Build configuration list for PBXNativeTarget "BYGeneralSwiftTests" */;
			buildPhases = (
				A2359A47275F0C2600F77A26 /* Sources */,
				A2359A48275F0C2600F77A26 /* Frameworks */,
				A2359A49275F0C2600F77A26 /* Resources */,
			);
			buildRules = (
			);
			dependencies = (
				A2359A4D275F0C2600F77A26 /* PBXTargetDependency */,
			);
			name = BYGeneralSwiftTests;
			productName = BYGeneralSwiftTests;
			productReference = A2359A4B275F0C2600F77A26 /* BYGeneralSwiftTests.xctest */;
			productType = "com.apple.product-type.bundle.unit-test";
		};
		A2359A54275F0C2600F77A26 /* BYGeneralSwiftUITests */ = {
			isa = PBXNativeTarget;
			buildConfigurationList = A2359A65275F0C2600F77A26 /* Build configuration list for PBXNativeTarget "BYGeneralSwiftUITests" */;
			buildPhases = (
				A2359A51275F0C2600F77A26 /* Sources */,
				A2359A52275F0C2600F77A26 /* Frameworks */,
				A2359A53275F0C2600F77A26 /* Resources */,
			);
			buildRules = (
			);
			dependencies = (
				A2359A57275F0C2600F77A26 /* PBXTargetDependency */,
			);
			name = BYGeneralSwiftUITests;
			productName = BYGeneralSwiftUITests;
			productReference = A2359A55275F0C2600F77A26 /* BYGeneralSwiftUITests.xctest */;
			productType = "com.apple.product-type.bundle.ui-testing";
		};
/* End PBXNativeTarget section */

/* Begin PBXProject section */
		A2359A2A275F0C2300F77A26 /* Project object */ = {
			isa = PBXProject;
			attributes = {
				BuildIndependentTargetsInParallel = 1;
				LastSwiftUpdateCheck = 1310;
				LastUpgradeCheck = 1540;
				TargetAttributes = {
					A2359A31275F0C2400F77A26 = {
						CreatedOnToolsVersion = 13.1;
					};
					A2359A4A275F0C2600F77A26 = {
						CreatedOnToolsVersion = 13.1;
						TestTargetID = A2359A31275F0C2400F77A26;
					};
					A2359A54275F0C2600F77A26 = {
						CreatedOnToolsVersion = 13.1;
						TestTargetID = A2359A31275F0C2400F77A26;
					};
				};
			};
			buildConfigurationList = A2359A2D275F0C2300F77A26 /* Build configuration list for PBXProject "BYGeneralSwift" */;
			compatibilityVersion = "Xcode 13.0";
			developmentRegion = en;
			hasScannedForEncodings = 0;
			knownRegions = (
				en,
				Base,
			);
			mainGroup = A2359A29275F0C2300F77A26;
			packageReferences = (
			);
			productRefGroup = A2359A33275F0C2400F77A26 /* Products */;
			projectDirPath = "";
			projectRoot = "";
			targets = (
				A2359A31275F0C2400F77A26 /* BYGeneralSwift */,
				A2359A4A275F0C2600F77A26 /* BYGeneralSwiftTests */,
				A2359A54275F0C2600F77A26 /* BYGeneralSwiftUITests */,
			);
		};
/* End PBXProject section */

/* Begin PBXResourcesBuildPhase section */
		A2359A30275F0C2400F77A26 /* Resources */ = {
			isa = PBXResourcesBuildPhase;
			buildActionMask = 2147483647;
			files = (
				A2C514A7289CC307008CB38C /* .swiftlint.yml in Resources */,
				A2960A6A27B0C98F00EEC629 /* image_1920x1200.jpeg in Resources */,
				A2C291B8275F6ECF00A0B5DB /* launchImage.jpg in Resources */,
				A2359A45275F0C2600F77A26 /* LaunchScreen.storyboard in Resources */,
				A2960A6927B0C98F00EEC629 /* KTM1290_1920x1080.jpeg in Resources */,
				A2960A6B27B0C98F00EEC629 /* ktm-1290-super-duke_921x518.jpeg in Resources */,
				A2359A42275F0C2600F77A26 /* Assets.xcassets in Resources */,
				A2359A3D275F0C2400F77A26 /* Main.storyboard in Resources */,
			);
			runOnlyForDeploymentPostprocessing = 0;
		};
		A2359A49275F0C2600F77A26 /* Resources */ = {
			isa = PBXResourcesBuildPhase;
			buildActionMask = 2147483647;
			files = (
			);
			runOnlyForDeploymentPostprocessing = 0;
		};
		A2359A53275F0C2600F77A26 /* Resources */ = {
			isa = PBXResourcesBuildPhase;
			buildActionMask = 2147483647;
			files = (
			);
			runOnlyForDeploymentPostprocessing = 0;
		};
/* End PBXResourcesBuildPhase section */

/* Begin PBXShellScriptBuildPhase section */
		A2C514A3289CC087008CB38C /* ShellScript */ = {
			isa = PBXShellScriptBuildPhase;
			alwaysOutOfDate = 1;
			buildActionMask = 2147483647;
			files = (
			);
			inputFileListPaths = (
			);
			inputPaths = (
			);
			outputFileListPaths = (
			);
			outputPaths = (
			);
			runOnlyForDeploymentPostprocessing = 0;
			shellPath = /bin/sh;
			shellScript = "# Type a script or drag a script file from your workspace to insert its path.\nexport PATH=\"$PATH:/opt/homebrew/bin\"\nif which swiftlint > /dev/null; then\n  swiftlint\nelse\n  echo \"warning: SwiftLint not installed, download from https://github.com/realm/SwiftLint\"\nfi\n";
		};
		A60307C2FE7FB266BED4416E /* [CP] Check Pods Manifest.lock */ = {
			isa = PBXShellScriptBuildPhase;
			buildActionMask = 2147483647;
			files = (
			);
			inputFileListPaths = (
			);
			inputPaths = (
				"${PODS_PODFILE_DIR_PATH}/Podfile.lock",
				"${PODS_ROOT}/Manifest.lock",
			);
			name = "[CP] Check Pods Manifest.lock";
			outputFileListPaths = (
			);
			outputPaths = (
				"$(DERIVED_FILE_DIR)/Pods-BYGeneralSwift-checkManifestLockResult.txt",
			);
			runOnlyForDeploymentPostprocessing = 0;
			shellPath = /bin/sh;
			shellScript = "diff \"${PODS_PODFILE_DIR_PATH}/Podfile.lock\" \"${PODS_ROOT}/Manifest.lock\" > /dev/null\nif [ $? != 0 ] ; then\n    # print error to STDERR\n    echo \"error: The sandbox is not in sync with the Podfile.lock. Run 'pod install' or update your CocoaPods installation.\" >&2\n    exit 1\nfi\n# This output is used by Xcode 'outputs' to avoid re-running this script phase.\necho \"SUCCESS\" > \"${SCRIPT_OUTPUT_FILE_0}\"\n";
			showEnvVarsInLog = 0;
		};
		D23F8AAC7FAEBD6F29A9E664 /* [CP] Copy Pods Resources */ = {
			isa = PBXShellScriptBuildPhase;
			buildActionMask = 2147483647;
			files = (
			);
			inputFileListPaths = (
				"${PODS_ROOT}/Target Support Files/Pods-BYGeneralSwift/Pods-BYGeneralSwift-resources-${CONFIGURATION}-input-files.xcfilelist",
			);
			name = "[CP] Copy Pods Resources";
			outputFileListPaths = (
				"${PODS_ROOT}/Target Support Files/Pods-BYGeneralSwift/Pods-BYGeneralSwift-resources-${CONFIGURATION}-output-files.xcfilelist",
			);
			runOnlyForDeploymentPostprocessing = 0;
			shellPath = /bin/sh;
			shellScript = "\"${PODS_ROOT}/Target Support Files/Pods-BYGeneralSwift/Pods-BYGeneralSwift-resources.sh\"\n";
			showEnvVarsInLog = 0;
		};
		F79465A9107D38E90225CC56 /* [CP] Embed Pods Frameworks */ = {
			isa = PBXShellScriptBuildPhase;
			buildActionMask = 2147483647;
			files = (
			);
			inputFileListPaths = (
				"${PODS_ROOT}/Target Support Files/Pods-BYGeneralSwift/Pods-BYGeneralSwift-frameworks-${CONFIGURATION}-input-files.xcfilelist",
			);
			name = "[CP] Embed Pods Frameworks";
			outputFileListPaths = (
				"${PODS_ROOT}/Target Support Files/Pods-BYGeneralSwift/Pods-BYGeneralSwift-frameworks-${CONFIGURATION}-output-files.xcfilelist",
			);
			runOnlyForDeploymentPostprocessing = 0;
			shellPath = /bin/sh;
			shellScript = "\"${PODS_ROOT}/Target Support Files/Pods-BYGeneralSwift/Pods-BYGeneralSwift-frameworks.sh\"\n";
			showEnvVarsInLog = 0;
		};
/* End PBXShellScriptBuildPhase section */

/* Begin PBXSourcesBuildPhase section */
		A2359A2E275F0C2400F77A26 /* Sources */ = {
			isa = PBXSourcesBuildPhase;
			buildActionMask = 2147483647;
			files = (
				A22634812763393E00DF44A4 /* DemoItem.swift in Sources */,
				A2C291C02760A57800A0B5DB /* DemosViewController.swift in Sources */,
				1EA698582D09962F001DA99A /* BYScanQrCoverViewProtocol.swift in Sources */,
				A28A76D32880037E0036101D /* PromiseKitViewController.swift in Sources */,
				A273D2402852F61D002BF683 /* SwiftCircularLinkedList.swift in Sources */,
				A273D2422852F77A002BF683 /* SwfitLinkedListProtocol.swift in Sources */,
				A2359A40275F0C2400F77A26 /* BYGeneralSwift.xcdatamodeld in Sources */,
				A2960A6D27B0CFAB00EEC629 /* OffScreenRenderingCollectionCell.swift in Sources */,
				A2C291A9275F646D00A0B5DB /* NavigationHandler.swift in Sources */,
				A226347F2763308400DF44A4 /* Snapkit+Public.swift in Sources */,
				1EA698552D09962F001DA99A /* BYPHCardScanQrHandler.swift in Sources */,
				A22634832767224800DF44A4 /* DemosViewController+Handler.swift in Sources */,
				A273D2392852F4B4002BF683 /* SwiftListNodeViewController.swift in Sources */,
				A2C291C22760A59A00A0B5DB /* HomeViewController.swift in Sources */,
				A2C5149E289A8147008CB38C /* DateFormatViewController.swift in Sources */,
				A2C291BC2760A38900A0B5DB /* RootViewController.swift in Sources */,
				A2C77287276C7EDE003855A3 /* VPNViewController.swift in Sources */,
				A2C514A2289A8164008CB38C /* CurrencyFormatViewController.swift in Sources */,
				1EA698672D09962F001DA99A /* BYScanQrUtils.swift in Sources */,
				A2C291A8275F646D00A0B5DB /* TimerHolder.swift in Sources */,
				A2C291B0275F649A00A0B5DB /* ApplicationEventSubscriberProtocol.swift in Sources */,
				A2C291AF275F649A00A0B5DB /* KeyboardEventObserverProtocol.swift in Sources */,
				A2359A36275F0C2400F77A26 /* AppDelegate.swift in Sources */,
				1EA698642D09962F001DA99A /* BYPHCardScanQrCoverView.swift in Sources */,
				A2C291B4275F64C600A0B5DB /* BaseService.swift in Sources */,
				1EA698612D09962F001DA99A /* BYScanQrHandlerProtocol.swift in Sources */,
				A2359A38275F0C2400F77A26 /* SceneDelegate.swift in Sources */,
				A2C5149C289A772E008CB38C /* FormatIndexViewController.swift in Sources */,
				A2C514A0289A8158008CB38C /* NumberFormatViewController.swift in Sources */,
				A273D2442852F818002BF683 /* SwiftLinkedListUtils.swift in Sources */,
				1EA6985B2D09962F001DA99A /* BYScanQrViewController.swift in Sources */,
				A2C291AA275F646D00A0B5DB /* Tools.swift in Sources */,
				1EA6985E2D09962F001DA99A /* BYScanQrService.swift in Sources */,
				A273D23E2852F5F8002BF683 /* SwiftDoublyLinkedList.swift in Sources */,
				A226347D27632B1A00DF44A4 /* DemosTableViewCell.swift in Sources */,
				A2C291AB275F646D00A0B5DB /* NavigationAnimator.swift in Sources */,
				A22634862767231E00DF44A4 /* OffScreenRenderingViewController.swift in Sources */,
				A273D23C2852F5D6002BF683 /* SwiftSinglyLinkedList.swift in Sources */,
			);
			runOnlyForDeploymentPostprocessing = 0;
		};
		A2359A47275F0C2600F77A26 /* Sources */ = {
			isa = PBXSourcesBuildPhase;
			buildActionMask = 2147483647;
			files = (
				A2359A50275F0C2600F77A26 /* BYGeneralSwiftTests.swift in Sources */,
				1EA6985C2D09962F001DA99A /* BYScanQrViewController.swift in Sources */,
				1EA698682D09962F001DA99A /* BYScanQrUtils.swift in Sources */,
				1EA698562D09962F001DA99A /* BYPHCardScanQrHandler.swift in Sources */,
				1EA698592D09962F001DA99A /* BYScanQrCoverViewProtocol.swift in Sources */,
				1EA698652D09962F001DA99A /* BYPHCardScanQrCoverView.swift in Sources */,
				1EA6985F2D09962F001DA99A /* BYScanQrService.swift in Sources */,
				1EA698622D09962F001DA99A /* BYScanQrHandlerProtocol.swift in Sources */,
			);
			runOnlyForDeploymentPostprocessing = 0;
		};
		A2359A51275F0C2600F77A26 /* Sources */ = {
			isa = PBXSourcesBuildPhase;
			buildActionMask = 2147483647;
			files = (
				1EA698692D09962F001DA99A /* BYScanQrUtils.swift in Sources */,
				1EA698602D09962F001DA99A /* BYScanQrService.swift in Sources */,
				1EA6985D2D09962F001DA99A /* BYScanQrViewController.swift in Sources */,
				1EA698632D09962F001DA99A /* BYScanQrHandlerProtocol.swift in Sources */,
				1EA698572D09962F001DA99A /* BYPHCardScanQrHandler.swift in Sources */,
				1EA6985A2D09962F001DA99A /* BYScanQrCoverViewProtocol.swift in Sources */,
				A2359A5C275F0C2600F77A26 /* BYGeneralSwiftUITestsLaunchTests.swift in Sources */,
				A2359A5A275F0C2600F77A26 /* BYGeneralSwiftUITests.swift in Sources */,
				1EA698662D09962F001DA99A /* BYPHCardScanQrCoverView.swift in Sources */,
			);
			runOnlyForDeploymentPostprocessing = 0;
		};
/* End PBXSourcesBuildPhase section */

/* Begin PBXTargetDependency section */
		A2359A4D275F0C2600F77A26 /* PBXTargetDependency */ = {
			isa = PBXTargetDependency;
			target = A2359A31275F0C2400F77A26 /* BYGeneralSwift */;
			targetProxy = A2359A4C275F0C2600F77A26 /* PBXContainerItemProxy */;
		};
		A2359A57275F0C2600F77A26 /* PBXTargetDependency */ = {
			isa = PBXTargetDependency;
			target = A2359A31275F0C2400F77A26 /* BYGeneralSwift */;
			targetProxy = A2359A56275F0C2600F77A26 /* PBXContainerItemProxy */;
		};
/* End PBXTargetDependency section */

/* Begin PBXVariantGroup section */
		A2359A3B275F0C2400F77A26 /* Main.storyboard */ = {
			isa = PBXVariantGroup;
			children = (
				A2359A3C275F0C2400F77A26 /* Base */,
			);
			name = Main.storyboard;
			sourceTree = "<group>";
		};
		A2359A43275F0C2600F77A26 /* LaunchScreen.storyboard */ = {
			isa = PBXVariantGroup;
			children = (
				A2359A44275F0C2600F77A26 /* Base */,
			);
			name = LaunchScreen.storyboard;
			sourceTree = "<group>";
		};
/* End PBXVariantGroup section */

/* Begin XCBuildConfiguration section */
		A2359A5D275F0C2600F77A26 /* Debug */ = {
			isa = XCBuildConfiguration;
			buildSettings = {
				ALWAYS_SEARCH_USER_PATHS = NO;
				CLANG_ANALYZER_NONNULL = YES;
				CLANG_ANALYZER_NUMBER_OBJECT_CONVERSION = YES_AGGRESSIVE;
				CLANG_CXX_LANGUAGE_STANDARD = "gnu++17";
				CLANG_CXX_LIBRARY = "libc++";
				CLANG_ENABLE_MODULES = YES;
				CLANG_ENABLE_OBJC_ARC = YES;
				CLANG_ENABLE_OBJC_WEAK = YES;
				CLANG_WARN_BLOCK_CAPTURE_AUTORELEASING = YES;
				CLANG_WARN_BOOL_CONVERSION = YES;
				CLANG_WARN_COMMA = YES;
				CLANG_WARN_CONSTANT_CONVERSION = YES;
				CLANG_WARN_DEPRECATED_OBJC_IMPLEMENTATIONS = YES;
				CLANG_WARN_DIRECT_OBJC_ISA_USAGE = YES_ERROR;
				CLANG_WARN_DOCUMENTATION_COMMENTS = YES;
				CLANG_WARN_EMPTY_BODY = YES;
				CLANG_WARN_ENUM_CONVERSION = YES;
				CLANG_WARN_INFINITE_RECURSION = YES;
				CLANG_WARN_INT_CONVERSION = YES;
				CLANG_WARN_NON_LITERAL_NULL_CONVERSION = YES;
				CLANG_WARN_OBJC_IMPLICIT_RETAIN_SELF = YES;
				CLANG_WARN_OBJC_LITERAL_CONVERSION = YES;
				CLANG_WARN_OBJC_ROOT_CLASS = YES_ERROR;
				CLANG_WARN_QUOTED_INCLUDE_IN_FRAMEWORK_HEADER = YES;
				CLANG_WARN_RANGE_LOOP_ANALYSIS = YES;
				CLANG_WARN_STRICT_PROTOTYPES = YES;
				CLANG_WARN_SUSPICIOUS_MOVE = YES;
				CLANG_WARN_UNGUARDED_AVAILABILITY = YES_AGGRESSIVE;
				CLANG_WARN_UNREACHABLE_CODE = YES;
				CLANG_WARN__DUPLICATE_METHOD_MATCH = YES;
				COPY_PHASE_STRIP = NO;
				DEBUG_INFORMATION_FORMAT = dwarf;
				ENABLE_STRICT_OBJC_MSGSEND = YES;
				ENABLE_TESTABILITY = YES;
				ENABLE_USER_SCRIPT_SANDBOXING = YES;
				GCC_C_LANGUAGE_STANDARD = gnu11;
				GCC_DYNAMIC_NO_PIC = NO;
				GCC_NO_COMMON_BLOCKS = YES;
				GCC_OPTIMIZATION_LEVEL = 0;
				GCC_PREPROCESSOR_DEFINITIONS = (
					"DEBUG=1",
					"$(inherited)",
				);
				GCC_WARN_64_TO_32_BIT_CONVERSION = YES;
				GCC_WARN_ABOUT_RETURN_TYPE = YES_ERROR;
				GCC_WARN_UNDECLARED_SELECTOR = YES;
				GCC_WARN_UNINITIALIZED_AUTOS = YES_AGGRESSIVE;
				GCC_WARN_UNUSED_FUNCTION = YES;
				GCC_WARN_UNUSED_VARIABLE = YES;
				IPHONEOS_DEPLOYMENT_TARGET = 13.0;
				MTL_ENABLE_DEBUG_INFO = INCLUDE_SOURCE;
				MTL_FAST_MATH = YES;
				ONLY_ACTIVE_ARCH = YES;
				SDKROOT = iphoneos;
				SWIFT_ACTIVE_COMPILATION_CONDITIONS = DEBUG;
				SWIFT_OPTIMIZATION_LEVEL = "-Onone";
			};
			name = Debug;
		};
		A2359A5E275F0C2600F77A26 /* Release */ = {
			isa = XCBuildConfiguration;
			buildSettings = {
				ALWAYS_SEARCH_USER_PATHS = NO;
				CLANG_ANALYZER_NONNULL = YES;
				CLANG_ANALYZER_NUMBER_OBJECT_CONVERSION = YES_AGGRESSIVE;
				CLANG_CXX_LANGUAGE_STANDARD = "gnu++17";
				CLANG_CXX_LIBRARY = "libc++";
				CLANG_ENABLE_MODULES = YES;
				CLANG_ENABLE_OBJC_ARC = YES;
				CLANG_ENABLE_OBJC_WEAK = YES;
				CLANG_WARN_BLOCK_CAPTURE_AUTORELEASING = YES;
				CLANG_WARN_BOOL_CONVERSION = YES;
				CLANG_WARN_COMMA = YES;
				CLANG_WARN_CONSTANT_CONVERSION = YES;
				CLANG_WARN_DEPRECATED_OBJC_IMPLEMENTATIONS = YES;
				CLANG_WARN_DIRECT_OBJC_ISA_USAGE = YES_ERROR;
				CLANG_WARN_DOCUMENTATION_COMMENTS = YES;
				CLANG_WARN_EMPTY_BODY = YES;
				CLANG_WARN_ENUM_CONVERSION = YES;
				CLANG_WARN_INFINITE_RECURSION = YES;
				CLANG_WARN_INT_CONVERSION = YES;
				CLANG_WARN_NON_LITERAL_NULL_CONVERSION = YES;
				CLANG_WARN_OBJC_IMPLICIT_RETAIN_SELF = YES;
				CLANG_WARN_OBJC_LITERAL_CONVERSION = YES;
				CLANG_WARN_OBJC_ROOT_CLASS = YES_ERROR;
				CLANG_WARN_QUOTED_INCLUDE_IN_FRAMEWORK_HEADER = YES;
				CLANG_WARN_RANGE_LOOP_ANALYSIS = YES;
				CLANG_WARN_STRICT_PROTOTYPES = YES;
				CLANG_WARN_SUSPICIOUS_MOVE = YES;
				CLANG_WARN_UNGUARDED_AVAILABILITY = YES_AGGRESSIVE;
				CLANG_WARN_UNREACHABLE_CODE = YES;
				CLANG_WARN__DUPLICATE_METHOD_MATCH = YES;
				COPY_PHASE_STRIP = NO;
				DEBUG_INFORMATION_FORMAT = "dwarf-with-dsym";
				ENABLE_NS_ASSERTIONS = NO;
				ENABLE_STRICT_OBJC_MSGSEND = YES;
				ENABLE_USER_SCRIPT_SANDBOXING = YES;
				GCC_C_LANGUAGE_STANDARD = gnu11;
				GCC_NO_COMMON_BLOCKS = YES;
				GCC_WARN_64_TO_32_BIT_CONVERSION = YES;
				GCC_WARN_ABOUT_RETURN_TYPE = YES_ERROR;
				GCC_WARN_UNDECLARED_SELECTOR = YES;
				GCC_WARN_UNINITIALIZED_AUTOS = YES_AGGRESSIVE;
				GCC_WARN_UNUSED_FUNCTION = YES;
				GCC_WARN_UNUSED_VARIABLE = YES;
				IPHONEOS_DEPLOYMENT_TARGET = 13.0;
				MTL_ENABLE_DEBUG_INFO = NO;
				MTL_FAST_MATH = YES;
				SDKROOT = iphoneos;
				SWIFT_COMPILATION_MODE = wholemodule;
				SWIFT_OPTIMIZATION_LEVEL = "-O";
				VALIDATE_PRODUCT = YES;
			};
			name = Release;
		};
		A2359A60275F0C2600F77A26 /* Debug */ = {
			isa = XCBuildConfiguration;
			baseConfigurationReference = B59E0C565FF9452B81DA052B /* Pods-BYGeneralSwift.debug.xcconfig */;
			buildSettings = {
				ASSETCATALOG_COMPILER_APPICON_NAME = AppIcon;
				ASSETCATALOG_COMPILER_GLOBAL_ACCENT_COLOR_NAME = AccentColor;
				CODE_SIGN_ENTITLEMENTS = BYGeneralSwift/BYGeneralSwift.entitlements;
				CODE_SIGN_STYLE = Automatic;
				CURRENT_PROJECT_VERSION = 1;
				DEVELOPMENT_TEAM = P948MCUQ2Y;
				ENABLE_USER_SCRIPT_SANDBOXING = NO;
				GENERATE_INFOPLIST_FILE = YES;
				INFOPLIST_FILE = BYGeneralSwift/Info.plist;
				INFOPLIST_KEY_UIApplicationSupportsIndirectInputEvents = YES;
				INFOPLIST_KEY_UILaunchStoryboardName = LaunchScreen;
				INFOPLIST_KEY_UIMainStoryboardFile = Main;
				INFOPLIST_KEY_UISupportedInterfaceOrientations_iPad = "UIInterfaceOrientationPortrait UIInterfaceOrientationPortraitUpsideDown UIInterfaceOrientationLandscapeLeft UIInterfaceOrientationLandscapeRight";
				INFOPLIST_KEY_UISupportedInterfaceOrientations_iPhone = "UIInterfaceOrientationPortrait UIInterfaceOrientationLandscapeLeft UIInterfaceOrientationLandscapeRight";
				LD_RUNPATH_SEARCH_PATHS = (
					"$(inherited)",
					"@executable_path/Frameworks",
				);
				MARKETING_VERSION = 1.0;
				PRODUCT_BUNDLE_IDENTIFIER = com.boye.advance.BYGeneralSwift;
				PRODUCT_NAME = "$(TARGET_NAME)";
				SWIFT_EMIT_LOC_STRINGS = YES;
				SWIFT_VERSION = 5.0;
				TARGETED_DEVICE_FAMILY = "1,2";
			};
			name = Debug;
		};
		A2359A61275F0C2600F77A26 /* Release */ = {
			isa = XCBuildConfiguration;
			baseConfigurationReference = 15FB3D57A9C610BCEEE7BDE7 /* Pods-BYGeneralSwift.release.xcconfig */;
			buildSettings = {
				ASSETCATALOG_COMPILER_APPICON_NAME = AppIcon;
				ASSETCATALOG_COMPILER_GLOBAL_ACCENT_COLOR_NAME = AccentColor;
				CODE_SIGN_ENTITLEMENTS = BYGeneralSwift/BYGeneralSwift.entitlements;
				CODE_SIGN_STYLE = Automatic;
				CURRENT_PROJECT_VERSION = 1;
				DEVELOPMENT_TEAM = P948MCUQ2Y;
				ENABLE_USER_SCRIPT_SANDBOXING = NO;
				GENERATE_INFOPLIST_FILE = YES;
				INFOPLIST_FILE = BYGeneralSwift/Info.plist;
				INFOPLIST_KEY_UIApplicationSupportsIndirectInputEvents = YES;
				INFOPLIST_KEY_UILaunchStoryboardName = LaunchScreen;
				INFOPLIST_KEY_UIMainStoryboardFile = Main;
				INFOPLIST_KEY_UISupportedInterfaceOrientations_iPad = "UIInterfaceOrientationPortrait UIInterfaceOrientationPortraitUpsideDown UIInterfaceOrientationLandscapeLeft UIInterfaceOrientationLandscapeRight";
				INFOPLIST_KEY_UISupportedInterfaceOrientations_iPhone = "UIInterfaceOrientationPortrait UIInterfaceOrientationLandscapeLeft UIInterfaceOrientationLandscapeRight";
				LD_RUNPATH_SEARCH_PATHS = (
					"$(inherited)",
					"@executable_path/Frameworks",
				);
				MARKETING_VERSION = 1.0;
				PRODUCT_BUNDLE_IDENTIFIER = com.boye.advance.BYGeneralSwift;
				PRODUCT_NAME = "$(TARGET_NAME)";
				SWIFT_EMIT_LOC_STRINGS = YES;
				SWIFT_VERSION = 5.0;
				TARGETED_DEVICE_FAMILY = "1,2";
			};
			name = Release;
		};
		A2359A63275F0C2600F77A26 /* Debug */ = {
			isa = XCBuildConfiguration;
			buildSettings = {
				ALWAYS_EMBED_SWIFT_STANDARD_LIBRARIES = YES;
				BUNDLE_LOADER = "$(TEST_HOST)";
				CODE_SIGN_STYLE = Automatic;
				CURRENT_PROJECT_VERSION = 1;
				DEVELOPMENT_TEAM = P948MCUQ2Y;
				GENERATE_INFOPLIST_FILE = YES;
				IPHONEOS_DEPLOYMENT_TARGET = 15.0;
				LD_RUNPATH_SEARCH_PATHS = (
					"$(inherited)",
					"@executable_path/Frameworks",
					"@loader_path/Frameworks",
				);
				MARKETING_VERSION = 1.0;
				PRODUCT_BUNDLE_IDENTIFIER = com.boye.advance.BYGeneralSwiftTests;
				PRODUCT_NAME = "$(TARGET_NAME)";
				SWIFT_EMIT_LOC_STRINGS = NO;
				SWIFT_VERSION = 5.0;
				TARGETED_DEVICE_FAMILY = "1,2";
				TEST_HOST = "$(BUILT_PRODUCTS_DIR)/BYGeneralSwift.app/BYGeneralSwift";
			};
			name = Debug;
		};
		A2359A64275F0C2600F77A26 /* Release */ = {
			isa = XCBuildConfiguration;
			buildSettings = {
				ALWAYS_EMBED_SWIFT_STANDARD_LIBRARIES = YES;
				BUNDLE_LOADER = "$(TEST_HOST)";
				CODE_SIGN_STYLE = Automatic;
				CURRENT_PROJECT_VERSION = 1;
				DEVELOPMENT_TEAM = P948MCUQ2Y;
				GENERATE_INFOPLIST_FILE = YES;
				IPHONEOS_DEPLOYMENT_TARGET = 15.0;
				LD_RUNPATH_SEARCH_PATHS = (
					"$(inherited)",
					"@executable_path/Frameworks",
					"@loader_path/Frameworks",
				);
				MARKETING_VERSION = 1.0;
				PRODUCT_BUNDLE_IDENTIFIER = com.boye.advance.BYGeneralSwiftTests;
				PRODUCT_NAME = "$(TARGET_NAME)";
				SWIFT_EMIT_LOC_STRINGS = NO;
				SWIFT_VERSION = 5.0;
				TARGETED_DEVICE_FAMILY = "1,2";
				TEST_HOST = "$(BUILT_PRODUCTS_DIR)/BYGeneralSwift.app/BYGeneralSwift";
			};
			name = Release;
		};
		A2359A66275F0C2600F77A26 /* Debug */ = {
			isa = XCBuildConfiguration;
			buildSettings = {
				ALWAYS_EMBED_SWIFT_STANDARD_LIBRARIES = YES;
				CODE_SIGN_STYLE = Automatic;
				CURRENT_PROJECT_VERSION = 1;
				DEVELOPMENT_TEAM = P948MCUQ2Y;
				GENERATE_INFOPLIST_FILE = YES;
				LD_RUNPATH_SEARCH_PATHS = (
					"$(inherited)",
					"@executable_path/Frameworks",
					"@loader_path/Frameworks",
				);
				MARKETING_VERSION = 1.0;
				PRODUCT_BUNDLE_IDENTIFIER = com.boye.advance.BYGeneralSwiftUITests;
				PRODUCT_NAME = "$(TARGET_NAME)";
				SWIFT_EMIT_LOC_STRINGS = NO;
				SWIFT_VERSION = 5.0;
				TARGETED_DEVICE_FAMILY = "1,2";
				TEST_TARGET_NAME = BYGeneralSwift;
			};
			name = Debug;
		};
		A2359A67275F0C2600F77A26 /* Release */ = {
			isa = XCBuildConfiguration;
			buildSettings = {
				ALWAYS_EMBED_SWIFT_STANDARD_LIBRARIES = YES;
				CODE_SIGN_STYLE = Automatic;
				CURRENT_PROJECT_VERSION = 1;
				DEVELOPMENT_TEAM = P948MCUQ2Y;
				GENERATE_INFOPLIST_FILE = YES;
				LD_RUNPATH_SEARCH_PATHS = (
					"$(inherited)",
					"@executable_path/Frameworks",
					"@loader_path/Frameworks",
				);
				MARKETING_VERSION = 1.0;
				PRODUCT_BUNDLE_IDENTIFIER = com.boye.advance.BYGeneralSwiftUITests;
				PRODUCT_NAME = "$(TARGET_NAME)";
				SWIFT_EMIT_LOC_STRINGS = NO;
				SWIFT_VERSION = 5.0;
				TARGETED_DEVICE_FAMILY = "1,2";
				TEST_TARGET_NAME = BYGeneralSwift;
			};
			name = Release;
		};
/* End XCBuildConfiguration section */

/* Begin XCConfigurationList section */
		A2359A2D275F0C2300F77A26 /* Build configuration list for PBXProject "BYGeneralSwift" */ = {
			isa = XCConfigurationList;
			buildConfigurations = (
				A2359A5D275F0C2600F77A26 /* Debug */,
				A2359A5E275F0C2600F77A26 /* Release */,
			);
			defaultConfigurationIsVisible = 0;
			defaultConfigurationName = Release;
		};
		A2359A5F275F0C2600F77A26 /* Build configuration list for PBXNativeTarget "BYGeneralSwift" */ = {
			isa = XCConfigurationList;
			buildConfigurations = (
				A2359A60275F0C2600F77A26 /* Debug */,
				A2359A61275F0C2600F77A26 /* Release */,
			);
			defaultConfigurationIsVisible = 0;
			defaultConfigurationName = Release;
		};
		A2359A62275F0C2600F77A26 /* Build configuration list for PBXNativeTarget "BYGeneralSwiftTests" */ = {
			isa = XCConfigurationList;
			buildConfigurations = (
				A2359A63275F0C2600F77A26 /* Debug */,
				A2359A64275F0C2600F77A26 /* Release */,
			);
			defaultConfigurationIsVisible = 0;
			defaultConfigurationName = Release;
		};
		A2359A65275F0C2600F77A26 /* Build configuration list for PBXNativeTarget "BYGeneralSwiftUITests" */ = {
			isa = XCConfigurationList;
			buildConfigurations = (
				A2359A66275F0C2600F77A26 /* Debug */,
				A2359A67275F0C2600F77A26 /* Release */,
			);
			defaultConfigurationIsVisible = 0;
			defaultConfigurationName = Release;
		};
/* End XCConfigurationList section */

/* Begin XCVersionGroup section */
		A2359A3E275F0C2400F77A26 /* BYGeneralSwift.xcdatamodeld */ = {
			isa = XCVersionGroup;
			children = (
				A2359A3F275F0C2400F77A26 /* BYGeneralSwift.xcdatamodel */,
			);
			currentVersion = A2359A3F275F0C2400F77A26 /* BYGeneralSwift.xcdatamodel */;
			path = BYGeneralSwift.xcdatamodeld;
			sourceTree = "<group>";
			versionGroupType = wrapper.xcdatamodel;
		};
/* End XCVersionGroup section */
	};
	rootObject = A2359A2A275F0C2300F77A26 /* Project object */;
}
