PODS:
  - Alamofire (5.4.4)
  - BaseControllers (0.0.1):
    - GeneralTools
  - GeneralTools (0.0.1)
  - LTMorphingLabel (0.9.3)
  - Moya (15.0.0):
    - Moya/Core (= 15.0.0)
  - Moya/Core (15.0.0):
    - Alamofire (~> 5.0)
  - PromiseKit (6.17.1):
    - PromiseKit/CorePromise (= 6.17.1)
    - PromiseKit/Foundation (= 6.17.1)
    - PromiseKit/UIKit (= 6.17.1)
  - PromiseKit/CorePromise (6.17.1)
  - PromiseKit/Foundation (6.17.1):
    - PromiseKit/CorePromise
  - PromiseKit/UIKit (6.17.1):
    - PromiseKit/CorePromise
  - SnapKit (5.0.1)
  - SwiftFormatter (0.0.1)
  - SwiftSoup (2.4.2)
  - SwiftState (6.0.0)

DEPENDENCIES:
  - BaseControllers (from `../BaseControllers`)
  - GeneralTools (from `../GeneralTools`)
  - LTMorphingLabel
  - Moya (~> 15.0)
  - PromiseKit
  - SnapKit (~> 5.0.0)
  - SwiftFormatter (from `../SwiftFormatter`)
  - SwiftSoup
  - SwiftState

SPEC REPOS:
  https://github.com/CocoaPods/Specs.git:
    - Alamofire
    - LTMorphingLabel
    - Moya
    - PromiseKit
    - SnapKit
    - SwiftSoup
    - SwiftState

EXTERNAL SOURCES:
  BaseControllers:
    :path: "../BaseControllers"
  GeneralTools:
    :path: "../GeneralTools"
  SwiftFormatter:
    :path: "../SwiftFormatter"

SPEC CHECKSUMS:
  Alamofire: f3b09a368f1582ab751b3fff5460276e0d2cf5c9
  BaseControllers: da430ba991f5fdac11d3e2e7230552a683af72ed
  GeneralTools: ca31cc556f8621773801e2a11575e79be33f02bb
  LTMorphingLabel: f2b256e4fe665aac27f0d0e8ccdcd79590f0cd70
  Moya: 138f0573e53411fb3dc17016add0b748dfbd78ee
  PromiseKit: ee485df3d4dc570594d7e7aecae6352697dc6a4c
  SnapKit: 97b92857e3df3a0c71833cce143274bf6ef8e5eb
  SwiftFormatter: 7abc07be43d7bc636e49d04d28552e00397b9ab4
  SwiftSoup: 7589ceac3b38cef742a96981cfe2b14ba55ce1e3
  SwiftState: 5696580d3b91656d1c67773ca5c6d5e51610c711

PODFILE CHECKSUM: 36aa76f0bf31a66df1c8f443c4835558614b2b26

COCOAPODS: 1.11.2
