PODS:
  - Alamofire (5.4.4)
  - BaseControllers (0.0.1):
    - GeneralTools
  - GeneralTools (0.0.1)
  - Moya (15.0.0):
    - Moya/Core (= 15.0.0)
  - Moya/Core (15.0.0):
    - Alamofire (~> 5.0)
  - SnapKit (5.0.1)
  - SQLiteRepairKit (1.2.2):
    - WCDBOptimizedSQLCipher (~> 1.2.0)
  - SwiftSoup (2.4.2)
  - SwiftState (6.0.0)
  - WCDB.swift (1.0.8.2):
    - SQLiteRepairKit (~> 1.2.0)
    - WCDBOptimizedSQLCipher (~> 1.2.0)
  - WCDBOptimizedSQLCipher (1.2.1)

DEPENDENCIES:
  - BaseControllers (from `../BaseControllers`)
  - GeneralTools (from `../GeneralTools`)
  - Moya (~> 15.0)
  - SnapKit (~> 5.0.0)
  - SwiftSoup
  - SwiftState
  - WCDB.swift (~> 1.0)

SPEC REPOS:
  https://github.com/CocoaPods/Specs.git:
    - Alamofire
    - Moya
    - SnapKit
    - SQLiteRepairKit
    - SwiftSoup
    - SwiftState
    - WCDB.swift
    - WCDBOptimizedSQLCipher

EXTERNAL SOURCES:
  BaseControllers:
    :path: "../BaseControllers"
  GeneralTools:
    :path: "../GeneralTools"

SPEC CHECKSUMS:
  Alamofire: f3b09a368f1582ab751b3fff5460276e0d2cf5c9
  BaseControllers: da430ba991f5fdac11d3e2e7230552a683af72ed
  GeneralTools: ca31cc556f8621773801e2a11575e79be33f02bb
  Moya: 138f0573e53411fb3dc17016add0b748dfbd78ee
  SnapKit: 97b92857e3df3a0c71833cce143274bf6ef8e5eb
  SQLiteRepairKit: 35aaae5a8838adb85f5b1eb4d796055be6060a4b
  SwiftSoup: 7589ceac3b38cef742a96981cfe2b14ba55ce1e3
  SwiftState: 5696580d3b91656d1c67773ca5c6d5e51610c711
  WCDB.swift: 05d509d7a0e60fb6e11c34eb7e4027c0fab5849f
  WCDBOptimizedSQLCipher: baf44493b0c7a3d49e97bc5b64a3856f6428ddd1

PODFILE CHECKSUM: 2cee4f2b4ec983fa55efbebea8d44b6a1744fae3

COCOAPODS: 1.11.2
